
Microsoft Visual Studio Solution File, Format Version 12.00
# Visual Studio Version 16
VisualStudioVersion = 16.0.29318.209
MinimumVisualStudioVersion = 10.0.40219.1
Project("{FAE04EC0-301F-11D3-BF4B-00C04F79EFBC}") = "CSharp_Beginning_HW1", "CSharp_Beginning_HW1\CSharp_Beginning_HW1.csproj", "{6C19AFDE-CC19-47DD-BAD2-1D240B0B26A2}"
EndProject
Global
	GlobalSection(SolutionConfigurationPlatforms) = preSolution
		Debug|Any CPU = Debug|Any CPU
		Release|Any CPU = Release|Any CPU
	EndGlobalSection
	GlobalSection(ProjectConfigurationPlatforms) = postSolution
		{6C19AFDE-CC19-47DD-BAD2-1D240B0B26A2}.Debug|Any CPU.ActiveCfg = Debug|Any CPU
		{6C19AFDE-CC19-47DD-BAD2-1D240B0B26A2}.Debug|Any CPU.Build.0 = Debug|Any CPU
		{6C19AFDE-CC19-47DD-BAD2-1D240B0B26A2}.Release|Any CPU.ActiveCfg = Release|Any CPU
		{6C19AFDE-CC19-47DD-BAD2-1D240B0B26A2}.Release|Any CPU.Build.0 = Release|Any CPU
	EndGlobalSection
	GlobalSection(SolutionProperties) = preSolution
		HideSolutionNode = FALSE
	EndGlobalSection
	GlobalSection(ExtensibilityGlobals) = postSolution
		SolutionGuid = {79DEC615-BB3A-4EBD-A45D-249D15EE1B56}
	EndGlobalSection
EndGlobal
