
Microsoft Visual Studio Solution File, Format Version 12.00
# Visual Studio Version 16
VisualStudioVersion = 16.0.29318.209
MinimumVisualStudioVersion = 10.0.40219.1
Project("{FAE04EC0-301F-11D3-BF4B-00C04F79EFBC}") = "HW3", "HW3\HW3.csproj", "{32C75E7A-F198-4243-A857-ADD58F0AE069}"
EndProject
Global
	GlobalSection(SolutionConfigurationPlatforms) = preSolution
		Debug|Any CPU = Debug|Any CPU
		Release|Any CPU = Release|Any CPU
	EndGlobalSection
	GlobalSection(ProjectConfigurationPlatforms) = postSolution
		{32C75E7A-F198-4243-A857-ADD58F0AE069}.Debug|Any CPU.ActiveCfg = Debug|Any CPU
		{32C75E7A-F198-4243-A857-ADD58F0AE069}.Debug|Any CPU.Build.0 = Debug|Any CPU
		{32C75E7A-F198-4243-A857-ADD58F0AE069}.Release|Any CPU.ActiveCfg = Release|Any CPU
		{32C75E7A-F198-4243-A857-ADD58F0AE069}.Release|Any CPU.Build.0 = Release|Any CPU
	EndGlobalSection
	GlobalSection(SolutionProperties) = preSolution
		HideSolutionNode = FALSE
	EndGlobalSection
	GlobalSection(ExtensibilityGlobals) = postSolution
		SolutionGuid = {4F189630-3E92-4F33-9039-CCDBC25A7E05}
	EndGlobalSection
EndGlobal
