
Microsoft Visual Studio Solution File, Format Version 12.00
# Visual Studio Version 16
VisualStudioVersion = 16.0.29318.209
MinimumVisualStudioVersion = 10.0.40219.1
Project("{FAE04EC0-301F-11D3-BF4B-00C04F79EFBC}") = "HW7", "HW7\HW7.csproj", "{A0CB6E37-FBD2-4338-825E-9A452B94EABF}"
EndProject
Global
	GlobalSection(SolutionConfigurationPlatforms) = preSolution
		Debug|Any CPU = Debug|Any CPU
		Release|Any CPU = Release|Any CPU
	EndGlobalSection
	GlobalSection(ProjectConfigurationPlatforms) = postSolution
		{A0CB6E37-FBD2-4338-825E-9A452B94EABF}.Debug|Any CPU.ActiveCfg = Debug|Any CPU
		{A0CB6E37-FBD2-4338-825E-9A452B94EABF}.Debug|Any CPU.Build.0 = Debug|Any CPU
		{A0CB6E37-FBD2-4338-825E-9A452B94EABF}.Release|Any CPU.ActiveCfg = Release|Any CPU
		{A0CB6E37-FBD2-4338-825E-9A452B94EABF}.Release|Any CPU.Build.0 = Release|Any CPU
	EndGlobalSection
	GlobalSection(SolutionProperties) = preSolution
		HideSolutionNode = FALSE
	EndGlobalSection
	GlobalSection(ExtensibilityGlobals) = postSolution
		SolutionGuid = {B9E9B64F-4627-4E76-B121-29F520938BFF}
	EndGlobalSection
EndGlobal
